dependencies:
- name: minio
  repository: https://charts.min.io/
  version: 3.4.4
- name: postgresql
  repository: https://charts.bitnami.com/bitnami
  version: 10.14.2
- name: argo-workflows
  repository: https://argoproj.github.io/argo-helm
  version: 0.9.4
- name: argo-cd
  repository: https://argoproj.github.io/argo-helm
  version: 3.29.5
- name: argo-events
  repository: https://argoproj.github.io/argo-helm
  version: 1.8.0
digest: sha256:2169adba833d7b0b544c02c4fffbd18564200393b25d421ebc97850b952b1398
generated: "2022-01-05T19:55:10.82347102+01:00"
